// !$*UTF8*$!
{
	archiveVersion = 1;
	classes = {
	};
	objectVersion = 50;
	objects = {

/* Begin PBXBuildFile section */
		ADC6B96B24307C6F008B9446 /* SettingsViewController.swift in Sources */ = {isa = PBXBuildFile; fileRef = ADC6B96A24307C6F008B9446 /* SettingsViewController.swift */; };
		ADE8C76C242D9C6F00823055 /* AppDelegate.swift in Sources */ = {isa = PBXBuildFile; fileRef = ADE8C76B242D9C6F00823055 /* AppDelegate.swift */; };
		ADE8C76E242D9C6F00823055 /* SceneDelegate.swift in Sources */ = {isa = PBXBuildFile; fileRef = ADE8C76D242D9C6F00823055 /* SceneDelegate.swift */; };
		ADE8C770242D9C6F00823055 /* ViewController.swift in Sources */ = {isa = PBXBuildFile; fileRef = ADE8C76F242D9C6F00823055 /* ViewController.swift */; };
		ADE8C773242D9C6F00823055 /* Main.storyboard in Resources */ = {isa = PBXBuildFile; fileRef = ADE8C771242D9C6F00823055 /* Main.storyboard */; };
		ADE8C775242D9C7200823055 /* Assets.xcassets in Resources */ = {isa = PBXBuildFile; fileRef = ADE8C774242D9C7200823055 /* Assets.xcassets */; };
		ADE8C778242D9C7200823055 /* LaunchScreen.storyboard in Resources */ = {isa = PBXBuildFile; fileRef = ADE8C776242D9C7200823055 /* LaunchScreen.storyboard */; };
		ADE8C783242D9C7300823055 /* Tip_CalculatorTests.swift in Sources */ = {isa = PBXBuildFile; fileRef = ADE8C782242D9C7300823055 /* Tip_CalculatorTests.swift */; };
		ADE8C78E242D9C7300823055 /* Tip_CalculatorUITests.swift in Sources */ = {isa = PBXBuildFile; fileRef = ADE8C78D242D9C7300823055 /* Tip_CalculatorUITests.swift */; };
/* End PBXBuildFile section */

/* Begin PBXContainerItemProxy section */
		ADE8C77F242D9C7300823055 /* PBXContainerItemProxy */ = {
			isa = PBXContainerItemProxy;
			containerPortal = ADE8C760242D9C6F00823055 /* Project object */;
			proxyType = 1;
			remoteGlobalIDString = ADE8C767242D9C6F00823055;
			remoteInfo = "Tip Calculator";
		};
		ADE8C78A242D9C7300823055 /* PBXContainerItemProxy */ = {
			isa = PBXContainerItemProxy;
			containerPortal = ADE8C760242D9C6F00823055 /* Project object */;
			proxyType = 1;
			remoteGlobalIDString = ADE8C767242D9C6F00823055;
			remoteInfo = "Tip Calculator";
		};
/* End PBXContainerItemProxy section */

/* Begin PBXFileReference section */
		ADC6B96A24307C6F008B9446 /* SettingsViewController.swift */ = {isa = PBXFileReference; lastKnownFileType = sourcecode.swift; path = SettingsViewController.swift; sourceTree = "<group>"; };
		ADE8C768242D9C6F00823055 /* Tip Calculator.app */ = {isa = PBXFileReference; explicitFileType = wrapper.application; includeInIndex = 0; path = "Tip Calculator.app"; sourceTree = BUILT_PRODUCTS_DIR; };
		ADE8C76B242D9C6F00823055 /* AppDelegate.swift */ = {isa = PBXFileReference; lastKnownFileType = sourcecode.swift; path = AppDelegate.swift; sourceTree = "<group>"; };
		ADE8C76D242D9C6F00823055 /* SceneDelegate.swift */ = {isa = PBXFileReference; lastKnownFileType = sourcecode.swift; path = SceneDelegate.swift; sourceTree = "<group>"; };
		ADE8C76F242D9C6F00823055 /* ViewController.swift */ = {isa = PBXFileReference; lastKnownFileType = sourcecode.swift; path = ViewController.swift; sourceTree = "<group>"; };
		ADE8C772242D9C6F00823055 /* Base */ = {isa = PBXFileReference; lastKnownFileType = file.storyboard; name = Base; path = Base.lproj/Main.storyboard; sourceTree = "<group>"; };
		ADE8C774242D9C7200823055 /* Assets.xcassets */ = {isa = PBXFileReference; lastKnownFileType = folder.assetcatalog; path = Assets.xcassets; sourceTree = "<group>"; };
		ADE8C777242D9C7200823055 /* Base */ = {isa = PBXFileReference; lastKnownFileType = file.storyboard; name = Base; path = Base.lproj/LaunchScreen.storyboard; sourceTree = "<group>"; };
		ADE8C779242D9C7200823055 /* Info.plist */ = {isa = PBXFileReference; lastKnownFileType = text.plist.xml; path = Info.plist; sourceTree = "<group>"; };
		ADE8C77E242D9C7300823055 /* Tip CalculatorTests.xctest */ = {isa = PBXFileReference; explicitFileType = wrapper.cfbundle; includeInIndex = 0; path = "Tip CalculatorTests.xctest"; sourceTree = BUILT_PRODUCTS_DIR; };
		ADE8C782242D9C7300823055 /* Tip_CalculatorTests.swift */ = {isa = PBXFileReference; lastKnownFileType = sourcecode.swift; path = Tip_CalculatorTests.swift; sourceTree = "<group>"; };
		ADE8C784242D9C7300823055 /* Info.plist */ = {isa = PBXFileReference; lastKnownFileType = text.plist.xml; path = Info.plist; sourceTree = "<group>"; };
		ADE8C789242D9C7300823055 /* Tip CalculatorUITests.xctest */ = {isa = PBXFileReference; explicitFileType = wrapper.cfbundle; includeInIndex = 0; path = "Tip CalculatorUITests.xctest"; sourceTree = BUILT_PRODUCTS_DIR; };
		ADE8C78D242D9C7300823055 /* Tip_CalculatorUITests.swift */ = {isa = PBXFileReference; lastKnownFileType = sourcecode.swift; path = Tip_CalculatorUITests.swift; sourceTree = "<group>"; };
		ADE8C78F242D9C7300823055 /* Info.plist */ = {isa = PBXFileReference; lastKnownFileType = text.plist.xml; path = Info.plist; sourceTree = "<group>"; };
/* End PBXFileReference section */

/* Begin PBXFrameworksBuildPhase section */
		ADE8C765242D9C6F00823055 /* Frameworks */ = {
			isa = PBXFrameworksBuildPhase;
			buildActionMask = 2147483647;
			files = (
			);
			runOnlyForDeploymentPostprocessing = 0;
		};
		ADE8C77B242D9C7300823055 /* Frameworks */ = {
			isa = PBXFrameworksBuildPhase;
			buildActionMask = 2147483647;
			files = (
			);
			runOnlyForDeploymentPostprocessing = 0;
		};
		ADE8C786242D9C7300823055 /* Frameworks */ = {
			isa = PBXFrameworksBuildPhase;
			buildActionMask = 2147483647;
			files = (
			);
			runOnlyForDeploymentPostprocessing = 0;
		};
/* End PBXFrameworksBuildPhase section */

/* Begin PBXGroup section */
		ADE8C75F242D9C6F00823055 = {
			isa = PBXGroup;
			children = (
				ADE8C76A242D9C6F00823055 /* Tip Calculator */,
				ADE8C781242D9C7300823055 /* Tip CalculatorTests */,
				ADE8C78C242D9C7300823055 /* Tip CalculatorUITests */,
				ADE8C769242D9C6F00823055 /* Products */,
			);
			sourceTree = "<group>";
		};
		ADE8C769242D9C6F00823055 /* Products */ = {
			isa = PBXGroup;
			children = (
				ADE8C768242D9C6F00823055 /* Tip Calculator.app */,
				ADE8C77E242D9C7300823055 /* Tip CalculatorTests.xctest */,
				ADE8C789242D9C7300823055 /* Tip CalculatorUITests.xctest */,
			);
			name = Products;
			sourceTree = "<group>";
		};
		ADE8C76A242D9C6F00823055 /* Tip Calculator */ = {
			isa = PBXGroup;
			children = (
				ADE8C76B242D9C6F00823055 /* AppDelegate.swift */,
				ADE8C76D242D9C6F00823055 /* SceneDelegate.swift */,
				ADE8C76F242D9C6F00823055 /* ViewController.swift */,
				ADE8C771242D9C6F00823055 /* Main.storyboard */,
				ADC6B96A24307C6F008B9446 /* SettingsViewController.swift */,
				ADE8C774242D9C7200823055 /* Assets.xcassets */,
				ADE8C776242D9C7200823055 /* LaunchScreen.storyboard */,
				ADE8C779242D9C7200823055 /* Info.plist */,
			);
			path = "Tip Calculator";
			sourceTree = "<group>";
		};
		ADE8C781242D9C7300823055 /* Tip CalculatorTests */ = {
			isa = PBXGroup;
			children = (
				ADE8C782242D9C7300823055 /* Tip_CalculatorTests.swift */,
				ADE8C784242D9C7300823055 /* Info.plist */,
			);
			path = "Tip CalculatorTests";
			sourceTree = "<group>";
		};
		ADE8C78C242D9C7300823055 /* Tip CalculatorUITests */ = {
			isa = PBXGroup;
			children = (
				ADE8C78D242D9C7300823055 /* Tip_CalculatorUITests.swift */,
				ADE8C78F242D9C7300823055 /* Info.plist */,
			);
			path = "Tip CalculatorUITests";
			sourceTree = "<group>";
		};
/* End PBXGroup section */

/* Begin PBXNativeTarget section */
		ADE8C767242D9C6F00823055 /* Tip Calculator */ = {
			isa = PBXNativeTarget;
			buildConfigurationList = ADE8C792242D9C7300823055 /* Build configuration list for PBXNativeTarget "Tip Calculator" */;
			buildPhases = (
				ADE8C764242D9C6F00823055 /* Sources */,
				ADE8C765242D9C6F00823055 /* Frameworks */,
				ADE8C766242D9C6F00823055 /* Resources */,
			);
			buildRules = (
			);
			dependencies = (
			);
			name = "Tip Calculator";
			productName = "Tip Calculator";
			productReference = ADE8C768242D9C6F00823055 /* Tip Calculator.app */;
			productType = "com.apple.product-type.application";
		};
		ADE8C77D242D9C7300823055 /* Tip CalculatorTests */ = {
			isa = PBXNativeTarget;
			buildConfigurationList = ADE8C795242D9C7300823055 /* Build configuration list for PBXNativeTarget "Tip CalculatorTests" */;
			buildPhases = (
				ADE8C77A242D9C7300823055 /* Sources */,
				ADE8C77B242D9C7300823055 /* Frameworks */,
				ADE8C77C242D9C7300823055 /* Resources */,
			);
			buildRules = (
			);
			dependencies = (
				ADE8C780242D9C7300823055 /* PBXTargetDependency */,
			);
			name = "Tip CalculatorTests";
			productName = "Tip CalculatorTests";
			productReference = ADE8C77E242D9C7300823055 /* Tip CalculatorTests.xctest */;
			productType = "com.apple.product-type.bundle.unit-test";
		};
		ADE8C788242D9C7300823055 /* Tip CalculatorUITests */ = {
			isa = PBXNativeTarget;
			buildConfigurationList = ADE8C798242D9C7300823055 /* Build configuration list for PBXNativeTarget "Tip CalculatorUITests" */;
			buildPhases = (
				ADE8C785242D9C7300823055 /* Sources */,
				ADE8C786242D9C7300823055 /* Frameworks */,
				ADE8C787242D9C7300823055 /* Resources */,
			);
			buildRules = (
			);
			dependencies = (
				ADE8C78B242D9C7300823055 /* PBXTargetDependency */,
			);
			name = "Tip CalculatorUITests";
			productName = "Tip CalculatorUITests";
			productReference = ADE8C789242D9C7300823055 /* Tip CalculatorUITests.xctest */;
			productType = "com.apple.product-type.bundle.ui-testing";
		};
/* End PBXNativeTarget section */

/* Begin PBXProject section */
		ADE8C760242D9C6F00823055 /* Project object */ = {
			isa = PBXProject;
			attributes = {
				LastSwiftUpdateCheck = 1130;
				LastUpgradeCheck = 1130;
				ORGANIZATIONNAME = "Kinjal Reetoo";
				TargetAttributes = {
					ADE8C767242D9C6F00823055 = {
						CreatedOnToolsVersion = 11.3.1;
					};
					ADE8C77D242D9C7300823055 = {
						CreatedOnToolsVersion = 11.3.1;
						TestTargetID = ADE8C767242D9C6F00823055;
					};
					ADE8C788242D9C7300823055 = {
						CreatedOnToolsVersion = 11.3.1;
						TestTargetID = ADE8C767242D9C6F00823055;
					};
				};
			};
			buildConfigurationList = ADE8C763242D9C6F00823055 /* Build configuration list for PBXProject "Tip Calculator" */;
			compatibilityVersion = "Xcode 9.3";
			developmentRegion = en;
			hasScannedForEncodings = 0;
			knownRegions = (
				en,
				Base,
			);
			mainGroup = ADE8C75F242D9C6F00823055;
			productRefGroup = ADE8C769242D9C6F00823055 /* Products */;
			projectDirPath = "";
			projectRoot = "";
			targets = (
				ADE8C767242D9C6F00823055 /* Tip Calculator */,
				ADE8C77D242D9C7300823055 /* Tip CalculatorTests */,
				ADE8C788242D9C7300823055 /* Tip CalculatorUITests */,
			);
		};
/* End PBXProject section */

/* Begin PBXResourcesBuildPhase section */
		ADE8C766242D9C6F00823055 /* Resources */ = {
			isa = PBXResourcesBuildPhase;
			buildActionMask = 2147483647;
			files = (
				ADE8C778242D9C7200823055 /* LaunchScreen.storyboard in Resources */,
				ADE8C775242D9C7200823055 /* Assets.xcassets in Resources */,
				ADE8C773242D9C6F00823055 /* Main.storyboard in Resources */,
			);
			runOnlyForDeploymentPostprocessing = 0;
		};
		ADE8C77C242D9C7300823055 /* Resources */ = {
			isa = PBXResourcesBuildPhase;
			buildActionMask = 2147483647;
			files = (
			);
			runOnlyForDeploymentPostprocessing = 0;
		};
		ADE8C787242D9C7300823055 /* Resources */ = {
			isa = PBXResourcesBuildPhase;
			buildActionMask = 2147483647;
			files = (
			);
			runOnlyForDeploymentPostprocessing = 0;
		};
/* End PBXResourcesBuildPhase section */

/* Begin PBXSourcesBuildPhase section */
		ADE8C764242D9C6F00823055 /* Sources */ = {
			isa = PBXSourcesBuildPhase;
			buildActionMask = 2147483647;
			files = (
				ADE8C770242D9C6F00823055 /* ViewController.swift in Sources */,
				ADE8C76C242D9C6F00823055 /* AppDelegate.swift in Sources */,
				ADE8C76E242D9C6F00823055 /* SceneDelegate.swift in Sources */,
				ADC6B96B24307C6F008B9446 /* SettingsViewController.swift in Sources */,
			);
			runOnlyForDeploymentPostprocessing = 0;
		};
		ADE8C77A242D9C7300823055 /* Sources */ = {
			isa = PBXSourcesBuildPhase;
			buildActionMask = 2147483647;
			files = (
				ADE8C783242D9C7300823055 /* Tip_CalculatorTests.swift in Sources */,
			);
			runOnlyForDeploymentPostprocessing = 0;
		};
		ADE8C785242D9C7300823055 /* Sources */ = {
			isa = PBXSourcesBuildPhase;
			buildActionMask = 2147483647;
			files = (
				ADE8C78E242D9C7300823055 /* Tip_CalculatorUITests.swift in Sources */,
			);
			runOnlyForDeploymentPostprocessing = 0;
		};
/* End PBXSourcesBuildPhase section */

/* Begin PBXTargetDependency section */
		ADE8C780242D9C7300823055 /* PBXTargetDependency */ = {
			isa = PBXTargetDependency;
			target = ADE8C767242D9C6F00823055 /* Tip Calculator */;
			targetProxy = ADE8C77F242D9C7300823055 /* PBXContainerItemProxy */;
		};
		ADE8C78B242D9C7300823055 /* PBXTargetDependency */ = {
			isa = PBXTargetDependency;
			target = ADE8C767242D9C6F00823055 /* Tip Calculator */;
			targetProxy = ADE8C78A242D9C7300823055 /* PBXContainerItemProxy */;
		};
/* End PBXTargetDependency section */

/* Begin PBXVariantGroup section */
		ADE8C771242D9C6F00823055 /* Main.storyboard */ = {
			isa = PBXVariantGroup;
			children = (
				ADE8C772242D9C6F00823055 /* Base */,
			);
			name = Main.storyboard;
			sourceTree = "<group>";
		};
		ADE8C776242D9C7200823055 /* LaunchScreen.storyboard */ = {
			isa = PBXVariantGroup;
			children = (
				ADE8C777242D9C7200823055 /* Base */,
			);
			name = LaunchScreen.storyboard;
			sourceTree = "<group>";
		};
/* End PBXVariantGroup section */

/* Begin XCBuildConfiguration section */
		ADE8C790242D9C7300823055 /* Debug */ = {
			isa = XCBuildConfiguration;
			buildSettings = {
				ALWAYS_SEARCH_USER_PATHS = NO;
				CLANG_ANALYZER_NONNULL = YES;
				CLANG_ANALYZER_NUMBER_OBJECT_CONVERSION = YES_AGGRESSIVE;
				CLANG_CXX_LANGUAGE_STANDARD = "gnu++14";
				CLANG_CXX_LIBRARY = "libc++";
				CLANG_ENABLE_MODULES = YES;
				CLANG_ENABLE_OBJC_ARC = YES;
				CLANG_ENABLE_OBJC_WEAK = YES;
				CLANG_WARN_BLOCK_CAPTURE_AUTORELEASING = YES;
				CLANG_WARN_BOOL_CONVERSION = YES;
				CLANG_WARN_COMMA = YES;
				CLANG_WARN_CONSTANT_CONVERSION = YES;
				CLANG_WARN_DEPRECATED_OBJC_IMPLEMENTATIONS = YES;
				CLANG_WARN_DIRECT_OBJC_ISA_USAGE = YES_ERROR;
				CLANG_WARN_DOCUMENTATION_COMMENTS = YES;
				CLANG_WARN_EMPTY_BODY = YES;
				CLANG_WARN_ENUM_CONVERSION = YES;
				CLANG_WARN_INFINITE_RECURSION = YES;
				CLANG_WARN_INT_CONVERSION = YES;
				CLANG_WARN_NON_LITERAL_NULL_CONVERSION = YES;
				CLANG_WARN_OBJC_IMPLICIT_RETAIN_SELF = YES;
				CLANG_WARN_OBJC_LITERAL_CONVERSION = YES;
				CLANG_WARN_OBJC_ROOT_CLASS = YES_ERROR;
				CLANG_WARN_RANGE_LOOP_ANALYSIS = YES;
				CLANG_WARN_STRICT_PROTOTYPES = YES;
				CLANG_WARN_SUSPICIOUS_MOVE = YES;
				CLANG_WARN_UNGUARDED_AVAILABILITY = YES_AGGRESSIVE;
				CLANG_WARN_UNREACHABLE_CODE = YES;
				CLANG_WARN__DUPLICATE_METHOD_MATCH = YES;
				COPY_PHASE_STRIP = NO;
				DEBUG_INFORMATION_FORMAT = dwarf;
				ENABLE_STRICT_OBJC_MSGSEND = YES;
				ENABLE_TESTABILITY = YES;
				GCC_C_LANGUAGE_STANDARD = gnu11;
				GCC_DYNAMIC_NO_PIC = NO;
				GCC_NO_COMMON_BLOCKS = YES;
				GCC_OPTIMIZATION_LEVEL = 0;
				GCC_PREPROCESSOR_DEFINITIONS = (
					"DEBUG=1",
					"$(inherited)",
				);
				GCC_WARN_64_TO_32_BIT_CONVERSION = YES;
				GCC_WARN_ABOUT_RETURN_TYPE = YES_ERROR;
				GCC_WARN_UNDECLARED_SELECTOR = YES;
				GCC_WARN_UNINITIALIZED_AUTOS = YES_AGGRESSIVE;
				GCC_WARN_UNUSED_FUNCTION = YES;
				GCC_WARN_UNUSED_VARIABLE = YES;
				IPHONEOS_DEPLOYMENT_TARGET = 13.2;
				MTL_ENABLE_DEBUG_INFO = INCLUDE_SOURCE;
				MTL_FAST_MATH = YES;
				ONLY_ACTIVE_ARCH = YES;
				SDKROOT = iphoneos;
				SWIFT_ACTIVE_COMPILATION_CONDITIONS = DEBUG;
				SWIFT_OPTIMIZATION_LEVEL = "-Onone";
			};
			name = Debug;
		};
		ADE8C791242D9C7300823055 /* Release */ = {
			isa = XCBuildConfiguration;
			buildSettings = {
				ALWAYS_SEARCH_USER_PATHS = NO;
				CLANG_ANALYZER_NONNULL = YES;
				CLANG_ANALYZER_NUMBER_OBJECT_CONVERSION = YES_AGGRESSIVE;
				CLANG_CXX_LANGUAGE_STANDARD = "gnu++14";
				CLANG_CXX_LIBRARY = "libc++";
				CLANG_ENABLE_MODULES = YES;
				CLANG_ENABLE_OBJC_ARC = YES;
				CLANG_ENABLE_OBJC_WEAK = YES;
				CLANG_WARN_BLOCK_CAPTURE_AUTORELEASING = YES;
				CLANG_WARN_BOOL_CONVERSION = YES;
				CLANG_WARN_COMMA = YES;
				CLANG_WARN_CONSTANT_CONVERSION = YES;
				CLANG_WARN_DEPRECATED_OBJC_IMPLEMENTATIONS = YES;
				CLANG_WARN_DIRECT_OBJC_ISA_USAGE = YES_ERROR;
				CLANG_WARN_DOCUMENTATION_COMMENTS = YES;
				CLANG_WARN_EMPTY_BODY = YES;
				CLANG_WARN_ENUM_CONVERSION = YES;
				CLANG_WARN_INFINITE_RECURSION = YES;
				CLANG_WARN_INT_CONVERSION = YES;
				CLANG_WARN_NON_LITERAL_NULL_CONVERSION = YES;
				CLANG_WARN_OBJC_IMPLICIT_RETAIN_SELF = YES;
				CLANG_WARN_OBJC_LITERAL_CONVERSION = YES;
				CLANG_WARN_OBJC_ROOT_CLASS = YES_ERROR;
				CLANG_WARN_RANGE_LOOP_ANALYSIS = YES;
				CLANG_WARN_STRICT_PROTOTYPES = YES;
				CLANG_WARN_SUSPICIOUS_MOVE = YES;
				CLANG_WARN_UNGUARDED_AVAILABILITY = YES_AGGRESSIVE;
				CLANG_WARN_UNREACHABLE_CODE = YES;
				CLANG_WARN__DUPLICATE_METHOD_MATCH = YES;
				COPY_PHASE_STRIP = NO;
				DEBUG_INFORMATION_FORMAT = "dwarf-with-dsym";
				ENABLE_NS_ASSERTIONS = NO;
				ENABLE_STRICT_OBJC_MSGSEND = YES;
				GCC_C_LANGUAGE_STANDARD = gnu11;
				GCC_NO_COMMON_BLOCKS = YES;
				GCC_WARN_64_TO_32_BIT_CONVERSION = YES;
				GCC_WARN_ABOUT_RETURN_TYPE = YES_ERROR;
				GCC_WARN_UNDECLARED_SELECTOR = YES;
				GCC_WARN_UNINITIALIZED_AUTOS = YES_AGGRESSIVE;
				GCC_WARN_UNUSED_FUNCTION = YES;
				GCC_WARN_UNUSED_VARIABLE = YES;
				IPHONEOS_DEPLOYMENT_TARGET = 13.2;
				MTL_ENABLE_DEBUG_INFO = NO;
				MTL_FAST_MATH = YES;
				SDKROOT = iphoneos;
				SWIFT_COMPILATION_MODE = wholemodule;
				SWIFT_OPTIMIZATION_LEVEL = "-O";
				VALIDATE_PRODUCT = YES;
			};
			name = Release;
		};
		ADE8C793242D9C7300823055 /* Debug */ = {
			isa = XCBuildConfiguration;
			buildSettings = {
				ASSETCATALOG_COMPILER_APPICON_NAME = AppIcon;
				CODE_SIGN_STYLE = Automatic;
				DEVELOPMENT_TEAM = YMKHAFL395;
				INFOPLIST_FILE = "Tip Calculator/Info.plist";
				LD_RUNPATH_SEARCH_PATHS = (
					"$(inherited)",
					"@executable_path/Frameworks",
				);
				PRODUCT_BUNDLE_IDENTIFIER = "com.kinjalreetoo.Tip-Calculator";
				PRODUCT_NAME = "$(TARGET_NAME)";
				SWIFT_VERSION = 5.0;
				TARGETED_DEVICE_FAMILY = "1,2";
			};
			name = Debug;
		};
		ADE8C794242D9C7300823055 /* Release */ = {
			isa = XCBuildConfiguration;
			buildSettings = {
				ASSETCATALOG_COMPILER_APPICON_NAME = AppIcon;
				CODE_SIGN_STYLE = Automatic;
				DEVELOPMENT_TEAM = YMKHAFL395;
				INFOPLIST_FILE = "Tip Calculator/Info.plist";
				LD_RUNPATH_SEARCH_PATHS = (
					"$(inherited)",
					"@executable_path/Frameworks",
				);
				PRODUCT_BUNDLE_IDENTIFIER = "com.kinjalreetoo.Tip-Calculator";
				PRODUCT_NAME = "$(TARGET_NAME)";
				SWIFT_VERSION = 5.0;
				TARGETED_DEVICE_FAMILY = "1,2";
			};
			name = Release;
		};
		ADE8C796242D9C7300823055 /* Debug */ = {
			isa = XCBuildConfiguration;
			buildSettings = {
				ALWAYS_EMBED_SWIFT_STANDARD_LIBRARIES = YES;
				BUNDLE_LOADER = "$(TEST_HOST)";
				CODE_SIGN_STYLE = Automatic;
				DEVELOPMENT_TEAM = YMKHAFL395;
				INFOPLIST_FILE = "Tip CalculatorTests/Info.plist";
				IPHONEOS_DEPLOYMENT_TARGET = 13.2;
				LD_RUNPATH_SEARCH_PATHS = (
					"$(inherited)",
					"@executable_path/Frameworks",
					"@loader_path/Frameworks",
				);
				PRODUCT_BUNDLE_IDENTIFIER = "com.kinjalreetoo.Tip-CalculatorTests";
				PRODUCT_NAME = "$(TARGET_NAME)";
				SWIFT_VERSION = 5.0;
				TARGETED_DEVICE_FAMILY = "1,2";
				TEST_HOST = "$(BUILT_PRODUCTS_DIR)/Tip Calculator.app/Tip Calculator";
			};
			name = Debug;
		};
		ADE8C797242D9C7300823055 /* Release */ = {
			isa = XCBuildConfiguration;
			buildSettings = {
				ALWAYS_EMBED_SWIFT_STANDARD_LIBRARIES = YES;
				BUNDLE_LOADER = "$(TEST_HOST)";
				CODE_SIGN_STYLE = Automatic;
				DEVELOPMENT_TEAM = YMKHAFL395;
				INFOPLIST_FILE = "Tip CalculatorTests/Info.plist";
				IPHONEOS_DEPLOYMENT_TARGET = 13.2;
				LD_RUNPATH_SEARCH_PATHS = (
					"$(inherited)",
					"@executable_path/Frameworks",
					"@loader_path/Frameworks",
				);
				PRODUCT_BUNDLE_IDENTIFIER = "com.kinjalreetoo.Tip-CalculatorTests";
				PRODUCT_NAME = "$(TARGET_NAME)";
				SWIFT_VERSION = 5.0;
				TARGETED_DEVICE_FAMILY = "1,2";
				TEST_HOST = "$(BUILT_PRODUCTS_DIR)/Tip Calculator.app/Tip Calculator";
			};
			name = Release;
		};
		ADE8C799242D9C7300823055 /* Debug */ = {
			isa = XCBuildConfiguration;
			buildSettings = {
				ALWAYS_EMBED_SWIFT_STANDARD_LIBRARIES = YES;
				CODE_SIGN_STYLE = Automatic;
				DEVELOPMENT_TEAM = YMKHAFL395;
				INFOPLIST_FILE = "Tip CalculatorUITests/Info.plist";
				LD_RUNPATH_SEARCH_PATHS = (
					"$(inherited)",
					"@executable_path/Frameworks",
					"@loader_path/Frameworks",
				);
				PRODUCT_BUNDLE_IDENTIFIER = "com.kinjalreetoo.Tip-CalculatorUITests";
				PRODUCT_NAME = "$(TARGET_NAME)";
				SWIFT_VERSION = 5.0;
				TARGETED_DEVICE_FAMILY = "1,2";
				TEST_TARGET_NAME = "Tip Calculator";
			};
			name = Debug;
		};
		ADE8C79A242D9C7300823055 /* Release */ = {
			isa = XCBuildConfiguration;
			buildSettings = {
				ALWAYS_EMBED_SWIFT_STANDARD_LIBRARIES = YES;
				CODE_SIGN_STYLE = Automatic;
				DEVELOPMENT_TEAM = YMKHAFL395;
				INFOPLIST_FILE = "Tip CalculatorUITests/Info.plist";
				LD_RUNPATH_SEARCH_PATHS = (
					"$(inherited)",
					"@executable_path/Frameworks",
					"@loader_path/Frameworks",
				);
				PRODUCT_BUNDLE_IDENTIFIER = "com.kinjalreetoo.Tip-CalculatorUITests";
				PRODUCT_NAME = "$(TARGET_NAME)";
				SWIFT_VERSION = 5.0;
				TARGETED_DEVICE_FAMILY = "1,2";
				TEST_TARGET_NAME = "Tip Calculator";
			};
			name = Release;
		};
/* End XCBuildConfiguration section */

/* Begin XCConfigurationList section */
		ADE8C763242D9C6F00823055 /* Build configuration list for PBXProject "Tip Calculator" */ = {
			isa = XCConfigurationList;
			buildConfigurations = (
				ADE8C790242D9C7300823055 /* Debug */,
				ADE8C791242D9C7300823055 /* Release */,
			);
			defaultConfigurationIsVisible = 0;
			defaultConfigurationName = Release;
		};
		ADE8C792242D9C7300823055 /* Build configuration list for PBXNativeTarget "Tip Calculator" */ = {
			isa = XCConfigurationList;
			buildConfigurations = (
				ADE8C793242D9C7300823055 /* Debug */,
				ADE8C794242D9C7300823055 /* Release */,
			);
			defaultConfigurationIsVisible = 0;
			defaultConfigurationName = Release;
		};
		ADE8C795242D9C7300823055 /* Build configuration list for PBXNativeTarget "Tip CalculatorTests" */ = {
			isa = XCConfigurationList;
			buildConfigurations = (
				ADE8C796242D9C7300823055 /* Debug */,
				ADE8C797242D9C7300823055 /* Release */,
			);
			defaultConfigurationIsVisible = 0;
			defaultConfigurationName = Release;
		};
		ADE8C798242D9C7300823055 /* Build configuration list for PBXNativeTarget "Tip CalculatorUITests" */ = {
			isa = XCConfigurationList;
			buildConfigurations = (
				ADE8C799242D9C7300823055 /* Debug */,
				ADE8C79A242D9C7300823055 /* Release */,
			);
			defaultConfigurationIsVisible = 0;
			defaultConfigurationName = Release;
		};
/* End XCConfigurationList section */
	};
	rootObject = ADE8C760242D9C6F00823055 /* Project object */;
}
